
Microsoft Visual Studio Solution File, Format Version 12.00
Project("{FAE04EC0-301F-11D3-BF4B-00C04F79EFBC}") = "DbBenchmark", "DbBenchmark\DbBenchmark.csproj", "{95365CCF-9A12-4F0B-9734-94C3ABA5AC4C}"
EndProject
Global
	GlobalSection(SolutionConfigurationPlatforms) = preSolution
		Debug|Any CPU = Debug|Any CPU
		Release|Any CPU = Release|Any CPU
	EndGlobalSection
	GlobalSection(ProjectConfigurationPlatforms) = postSolution
		{95365CCF-9A12-4F0B-9734-94C3ABA5AC4C}.Debug|Any CPU.ActiveCfg = Debug|Any CPU
		{95365CCF-9A12-4F0B-9734-94C3ABA5AC4C}.Debug|Any CPU.Build.0 = Debug|Any CPU
		{95365CCF-9A12-4F0B-9734-94C3ABA5AC4C}.Release|Any CPU.ActiveCfg = Release|Any CPU
		{95365CCF-9A12-4F0B-9734-94C3ABA5AC4C}.Release|Any CPU.Build.0 = Release|Any CPU
	EndGlobalSection
EndGlobal
